
Microsoft Visual Studio Solution File, Format Version 12.00
# Visual Studio Version 17
VisualStudioVersion = 17.0.31903.59
MinimumVisualStudioVersion = 10.0.40219.1
Project("{2150E333-8FDC-42A3-9474-1A3956D46DE8}") = "src", "src", "{827E0CD3-B72D-47B6-A68D-7590B98EB39B}"
EndProject
Project("{FAE04EC0-301F-11D3-BF4B-00C04F79EFBC}") = "FontStashSharp.FNA.NET", "src\FontStashSharp\FontStashSharp.FNA.NET.csproj", "{9E22D31A-401B-4247-9EA7-6E56F85897EB}"
EndProject
Project("{2150E333-8FDC-42A3-9474-1A3956D46DE8}") = "samples", "samples", "{5D20AA90-6969-D8BD-9DCD-8634F4692FDA}"
EndProject
Project("{FAE04EC0-301F-11D3-BF4B-00C04F79EFBC}") = "FontStashSharp.Samples.DynamicSpriteFont", "samples\FontStashSharp.Samples.DynamicSpriteFont\FontStashSharp.Samples.DynamicSpriteFont.csproj", "{518AFE07-A531-4F78-AA8C-9759B9B98D6A}"
EndProject
Project("{FAE04EC0-301F-11D3-BF4B-00C04F79EFBC}") = "FontStashSharp.Tests.FNA.NET", "src\FontStashSharp.Tests\FontStashSharp.Tests.FNA.NET.csproj", "{2DBCA3AE-5BAF-49F3-8BDE-BCA4DE6CFB7C}"
EndProject
Project("{FAE04EC0-301F-11D3-BF4B-00C04F79EFBC}") = "FontStashSharp.Samples.MeasureString", "samples\FontStashSharp.Samples.MeasureString\FontStashSharp.Samples.MeasureString.csproj", "{1F7FAA20-F809-44E0-B057-D2E4EAFF68D2}"
EndProject
Project("{FAE04EC0-301F-11D3-BF4B-00C04F79EFBC}") = "FontStashSharp.Samples.RichText", "samples\FontStashSharp.Samples.RichText\FontStashSharp.Samples.RichText.csproj", "{0C5AC48A-5760-44AC-8BAD-97226F5684FC}"
EndProject
Project("{FAE04EC0-301F-11D3-BF4B-00C04F79EFBC}") = "FontStashSharp.Samples.RotatingText", "samples\FontStashSharp.Samples.RotatingText\FontStashSharp.Samples.RotatingText.csproj", "{2194F01B-7DEF-4AFC-890F-5AD32EAA22C6}"
EndProject
Project("{FAE04EC0-301F-11D3-BF4B-00C04F79EFBC}") = "FontStashSharp.Samples.StaticSpriteFont", "samples\FontStashSharp.Samples.StaticSpriteFont\FontStashSharp.Samples.StaticSpriteFont.csproj", "{328C7A4A-27AD-4AC2-8B3B-89D535933C7F}"
EndProject
Project("{FAE04EC0-301F-11D3-BF4B-00C04F79EFBC}") = "FontStashSharp.Samples.TextureAtlasFull", "samples\FontStashSharp.Samples.TextureAtlasFull\FontStashSharp.Samples.TextureAtlasFull.csproj", "{CA1660AC-6E5B-4A94-9A11-0CBD40F0C30A}"
EndProject
Project("{FAE04EC0-301F-11D3-BF4B-00C04F79EFBC}") = "FontStashSharp.Samples.DynamicSpriteFont.Uwp", "samples\FontStashSharp.Samples.DynamicSpriteFont.Uwp\FontStashSharp.Samples.DynamicSpriteFont.Uwp.csproj", "{895FDA3D-F674-4106-89FF-00AD4CD3DB2D}"
EndProject
Global
	GlobalSection(SolutionConfigurationPlatforms) = preSolution
		Debug|Any CPU = Debug|Any CPU
		Debug|x64 = Debug|x64
		Debug|x86 = Debug|x86
		Release|Any CPU = Release|Any CPU
		Release|x64 = Release|x64
		Release|x86 = Release|x86
	EndGlobalSection
	GlobalSection(ProjectConfigurationPlatforms) = postSolution
		{9E22D31A-401B-4247-9EA7-6E56F85897EB}.Debug|Any CPU.ActiveCfg = Debug|Any CPU
		{9E22D31A-401B-4247-9EA7-6E56F85897EB}.Debug|Any CPU.Build.0 = Debug|Any CPU
		{9E22D31A-401B-4247-9EA7-6E56F85897EB}.Debug|x64.ActiveCfg = Debug|Any CPU
		{9E22D31A-401B-4247-9EA7-6E56F85897EB}.Debug|x64.Build.0 = Debug|Any CPU
		{9E22D31A-401B-4247-9EA7-6E56F85897EB}.Debug|x86.ActiveCfg = Debug|Any CPU
		{9E22D31A-401B-4247-9EA7-6E56F85897EB}.Debug|x86.Build.0 = Debug|Any CPU
		{9E22D31A-401B-4247-9EA7-6E56F85897EB}.Release|Any CPU.ActiveCfg = Release|Any CPU
		{9E22D31A-401B-4247-9EA7-6E56F85897EB}.Release|Any CPU.Build.0 = Release|Any CPU
		{9E22D31A-401B-4247-9EA7-6E56F85897EB}.Release|x64.ActiveCfg = Release|Any CPU
		{9E22D31A-401B-4247-9EA7-6E56F85897EB}.Release|x64.Build.0 = Release|Any CPU
		{9E22D31A-401B-4247-9EA7-6E56F85897EB}.Release|x86.ActiveCfg = Release|Any CPU
		{9E22D31A-401B-4247-9EA7-6E56F85897EB}.Release|x86.Build.0 = Release|Any CPU
		{518AFE07-A531-4F78-AA8C-9759B9B98D6A}.Debug|Any CPU.ActiveCfg = Debug|Any CPU
		{518AFE07-A531-4F78-AA8C-9759B9B98D6A}.Debug|Any CPU.Build.0 = Debug|Any CPU
		{518AFE07-A531-4F78-AA8C-9759B9B98D6A}.Debug|x64.ActiveCfg = Debug|Any CPU
		{518AFE07-A531-4F78-AA8C-9759B9B98D6A}.Debug|x64.Build.0 = Debug|Any CPU
		{518AFE07-A531-4F78-AA8C-9759B9B98D6A}.Debug|x86.ActiveCfg = Debug|Any CPU
		{518AFE07-A531-4F78-AA8C-9759B9B98D6A}.Debug|x86.Build.0 = Debug|Any CPU
		{518AFE07-A531-4F78-AA8C-9759B9B98D6A}.Release|Any CPU.ActiveCfg = Release|Any CPU
		{518AFE07-A531-4F78-AA8C-9759B9B98D6A}.Release|Any CPU.Build.0 = Release|Any CPU
		{518AFE07-A531-4F78-AA8C-9759B9B98D6A}.Release|x64.ActiveCfg = Release|Any CPU
		{518AFE07-A531-4F78-AA8C-9759B9B98D6A}.Release|x64.Build.0 = Release|Any CPU
		{518AFE07-A531-4F78-AA8C-9759B9B98D6A}.Release|x86.ActiveCfg = Release|Any CPU
		{518AFE07-A531-4F78-AA8C-9759B9B98D6A}.Release|x86.Build.0 = Release|Any CPU
		{2DBCA3AE-5BAF-49F3-8BDE-BCA4DE6CFB7C}.Debug|Any CPU.ActiveCfg = Debug|Any CPU
		{2DBCA3AE-5BAF-49F3-8BDE-BCA4DE6CFB7C}.Debug|Any CPU.Build.0 = Debug|Any CPU
		{2DBCA3AE-5BAF-49F3-8BDE-BCA4DE6CFB7C}.Debug|x64.ActiveCfg = Debug|Any CPU
		{2DBCA3AE-5BAF-49F3-8BDE-BCA4DE6CFB7C}.Debug|x64.Build.0 = Debug|Any CPU
		{2DBCA3AE-5BAF-49F3-8BDE-BCA4DE6CFB7C}.Debug|x86.ActiveCfg = Debug|Any CPU
		{2DBCA3AE-5BAF-49F3-8BDE-BCA4DE6CFB7C}.Debug|x86.Build.0 = Debug|Any CPU
		{2DBCA3AE-5BAF-49F3-8BDE-BCA4DE6CFB7C}.Release|Any CPU.ActiveCfg = Release|Any CPU
		{2DBCA3AE-5BAF-49F3-8BDE-BCA4DE6CFB7C}.Release|Any CPU.Build.0 = Release|Any CPU
		{2DBCA3AE-5BAF-49F3-8BDE-BCA4DE6CFB7C}.Release|x64.ActiveCfg = Release|Any CPU
		{2DBCA3AE-5BAF-49F3-8BDE-BCA4DE6CFB7C}.Release|x64.Build.0 = Release|Any CPU
		{2DBCA3AE-5BAF-49F3-8BDE-BCA4DE6CFB7C}.Release|x86.ActiveCfg = Release|Any CPU
		{2DBCA3AE-5BAF-49F3-8BDE-BCA4DE6CFB7C}.Release|x86.Build.0 = Release|Any CPU
		{1F7FAA20-F809-44E0-B057-D2E4EAFF68D2}.Debug|Any CPU.ActiveCfg = Debug|Any CPU
		{1F7FAA20-F809-44E0-B057-D2E4EAFF68D2}.Debug|Any CPU.Build.0 = Debug|Any CPU
		{1F7FAA20-F809-44E0-B057-D2E4EAFF68D2}.Debug|x64.ActiveCfg = Debug|Any CPU
		{1F7FAA20-F809-44E0-B057-D2E4EAFF68D2}.Debug|x64.Build.0 = Debug|Any CPU
		{1F7FAA20-F809-44E0-B057-D2E4EAFF68D2}.Debug|x86.ActiveCfg = Debug|Any CPU
		{1F7FAA20-F809-44E0-B057-D2E4EAFF68D2}.Debug|x86.Build.0 = Debug|Any CPU
		{1F7FAA20-F809-44E0-B057-D2E4EAFF68D2}.Release|Any CPU.ActiveCfg = Release|Any CPU
		{1F7FAA20-F809-44E0-B057-D2E4EAFF68D2}.Release|Any CPU.Build.0 = Release|Any CPU
		{1F7FAA20-F809-44E0-B057-D2E4EAFF68D2}.Release|x64.ActiveCfg = Release|Any CPU
		{1F7FAA20-F809-44E0-B057-D2E4EAFF68D2}.Release|x64.Build.0 = Release|Any CPU
		{1F7FAA20-F809-44E0-B057-D2E4EAFF68D2}.Release|x86.ActiveCfg = Release|Any CPU
		{1F7FAA20-F809-44E0-B057-D2E4EAFF68D2}.Release|x86.Build.0 = Release|Any CPU
		{0C5AC48A-5760-44AC-8BAD-97226F5684FC}.Debug|Any CPU.ActiveCfg = Debug|Any CPU
		{0C5AC48A-5760-44AC-8BAD-97226F5684FC}.Debug|Any CPU.Build.0 = Debug|Any CPU
		{0C5AC48A-5760-44AC-8BAD-97226F5684FC}.Debug|x64.ActiveCfg = Debug|Any CPU
		{0C5AC48A-5760-44AC-8BAD-97226F5684FC}.Debug|x64.Build.0 = Debug|Any CPU
		{0C5AC48A-5760-44AC-8BAD-97226F5684FC}.Debug|x86.ActiveCfg = Debug|Any CPU
		{0C5AC48A-5760-44AC-8BAD-97226F5684FC}.Debug|x86.Build.0 = Debug|Any CPU
		{0C5AC48A-5760-44AC-8BAD-97226F5684FC}.Release|Any CPU.ActiveCfg = Release|Any CPU
		{0C5AC48A-5760-44AC-8BAD-97226F5684FC}.Release|Any CPU.Build.0 = Release|Any CPU
		{0C5AC48A-5760-44AC-8BAD-97226F5684FC}.Release|x64.ActiveCfg = Release|Any CPU
		{0C5AC48A-5760-44AC-8BAD-97226F5684FC}.Release|x64.Build.0 = Release|Any CPU
		{0C5AC48A-5760-44AC-8BAD-97226F5684FC}.Release|x86.ActiveCfg = Release|Any CPU
		{0C5AC48A-5760-44AC-8BAD-97226F5684FC}.Release|x86.Build.0 = Release|Any CPU
		{2194F01B-7DEF-4AFC-890F-5AD32EAA22C6}.Debug|Any CPU.ActiveCfg = Debug|Any CPU
		{2194F01B-7DEF-4AFC-890F-5AD32EAA22C6}.Debug|Any CPU.Build.0 = Debug|Any CPU
		{2194F01B-7DEF-4AFC-890F-5AD32EAA22C6}.Debug|x64.ActiveCfg = Debug|Any CPU
		{2194F01B-7DEF-4AFC-890F-5AD32EAA22C6}.Debug|x64.Build.0 = Debug|Any CPU
		{2194F01B-7DEF-4AFC-890F-5AD32EAA22C6}.Debug|x86.ActiveCfg = Debug|Any CPU
		{2194F01B-7DEF-4AFC-890F-5AD32EAA22C6}.Debug|x86.Build.0 = Debug|Any CPU
		{2194F01B-7DEF-4AFC-890F-5AD32EAA22C6}.Release|Any CPU.ActiveCfg = Release|Any CPU
		{2194F01B-7DEF-4AFC-890F-5AD32EAA22C6}.Release|Any CPU.Build.0 = Release|Any CPU
		{2194F01B-7DEF-4AFC-890F-5AD32EAA22C6}.Release|x64.ActiveCfg = Release|Any CPU
		{2194F01B-7DEF-4AFC-890F-5AD32EAA22C6}.Release|x64.Build.0 = Release|Any CPU
		{2194F01B-7DEF-4AFC-890F-5AD32EAA22C6}.Release|x86.ActiveCfg = Release|Any CPU
		{2194F01B-7DEF-4AFC-890F-5AD32EAA22C6}.Release|x86.Build.0 = Release|Any CPU
		{328C7A4A-27AD-4AC2-8B3B-89D535933C7F}.Debug|Any CPU.ActiveCfg = Debug|Any CPU
		{328C7A4A-27AD-4AC2-8B3B-89D535933C7F}.Debug|Any CPU.Build.0 = Debug|Any CPU
		{328C7A4A-27AD-4AC2-8B3B-89D535933C7F}.Debug|x64.ActiveCfg = Debug|Any CPU
		{328C7A4A-27AD-4AC2-8B3B-89D535933C7F}.Debug|x64.Build.0 = Debug|Any CPU
		{328C7A4A-27AD-4AC2-8B3B-89D535933C7F}.Debug|x86.ActiveCfg = Debug|Any CPU
		{328C7A4A-27AD-4AC2-8B3B-89D535933C7F}.Debug|x86.Build.0 = Debug|Any CPU
		{328C7A4A-27AD-4AC2-8B3B-89D535933C7F}.Release|Any CPU.ActiveCfg = Release|Any CPU
		{328C7A4A-27AD-4AC2-8B3B-89D535933C7F}.Release|Any CPU.Build.0 = Release|Any CPU
		{328C7A4A-27AD-4AC2-8B3B-89D535933C7F}.Release|x64.ActiveCfg = Release|Any CPU
		{328C7A4A-27AD-4AC2-8B3B-89D535933C7F}.Release|x64.Build.0 = Release|Any CPU
		{328C7A4A-27AD-4AC2-8B3B-89D535933C7F}.Release|x86.ActiveCfg = Release|Any CPU
		{328C7A4A-27AD-4AC2-8B3B-89D535933C7F}.Release|x86.Build.0 = Release|Any CPU
		{CA1660AC-6E5B-4A94-9A11-0CBD40F0C30A}.Debug|Any CPU.ActiveCfg = Debug|Any CPU
		{CA1660AC-6E5B-4A94-9A11-0CBD40F0C30A}.Debug|Any CPU.Build.0 = Debug|Any CPU
		{CA1660AC-6E5B-4A94-9A11-0CBD40F0C30A}.Debug|x64.ActiveCfg = Debug|Any CPU
		{CA1660AC-6E5B-4A94-9A11-0CBD40F0C30A}.Debug|x64.Build.0 = Debug|Any CPU
		{CA1660AC-6E5B-4A94-9A11-0CBD40F0C30A}.Debug|x86.ActiveCfg = Debug|Any CPU
		{CA1660AC-6E5B-4A94-9A11-0CBD40F0C30A}.Debug|x86.Build.0 = Debug|Any CPU
		{CA1660AC-6E5B-4A94-9A11-0CBD40F0C30A}.Release|Any CPU.ActiveCfg = Release|Any CPU
		{CA1660AC-6E5B-4A94-9A11-0CBD40F0C30A}.Release|Any CPU.Build.0 = Release|Any CPU
		{CA1660AC-6E5B-4A94-9A11-0CBD40F0C30A}.Release|x64.ActiveCfg = Release|Any CPU
		{CA1660AC-6E5B-4A94-9A11-0CBD40F0C30A}.Release|x64.Build.0 = Release|Any CPU
		{CA1660AC-6E5B-4A94-9A11-0CBD40F0C30A}.Release|x86.ActiveCfg = Release|Any CPU
		{CA1660AC-6E5B-4A94-9A11-0CBD40F0C30A}.Release|x86.Build.0 = Release|Any CPU
		{895FDA3D-F674-4106-89FF-00AD4CD3DB2D}.Debug|Any CPU.ActiveCfg = Debug|x64
		{895FDA3D-F674-4106-89FF-00AD4CD3DB2D}.Debug|Any CPU.Build.0 = Debug|x64
		{895FDA3D-F674-4106-89FF-00AD4CD3DB2D}.Debug|x64.ActiveCfg = Debug|x64
		{895FDA3D-F674-4106-89FF-00AD4CD3DB2D}.Debug|x64.Build.0 = Debug|x64
		{895FDA3D-F674-4106-89FF-00AD4CD3DB2D}.Debug|x86.ActiveCfg = Debug|x64
		{895FDA3D-F674-4106-89FF-00AD4CD3DB2D}.Debug|x86.Build.0 = Debug|x64
		{895FDA3D-F674-4106-89FF-00AD4CD3DB2D}.Release|Any CPU.ActiveCfg = Release|x64
		{895FDA3D-F674-4106-89FF-00AD4CD3DB2D}.Release|Any CPU.Build.0 = Release|x64
		{895FDA3D-F674-4106-89FF-00AD4CD3DB2D}.Release|x64.ActiveCfg = Release|x64
		{895FDA3D-F674-4106-89FF-00AD4CD3DB2D}.Release|x64.Build.0 = Release|x64
		{895FDA3D-F674-4106-89FF-00AD4CD3DB2D}.Release|x86.ActiveCfg = Release|x64
		{895FDA3D-F674-4106-89FF-00AD4CD3DB2D}.Release|x86.Build.0 = Release|x64
	EndGlobalSection
	GlobalSection(SolutionProperties) = preSolution
		HideSolutionNode = FALSE
	EndGlobalSection
	GlobalSection(NestedProjects) = preSolution
		{9E22D31A-401B-4247-9EA7-6E56F85897EB} = {827E0CD3-B72D-47B6-A68D-7590B98EB39B}
		{518AFE07-A531-4F78-AA8C-9759B9B98D6A} = {5D20AA90-6969-D8BD-9DCD-8634F4692FDA}
		{2DBCA3AE-5BAF-49F3-8BDE-BCA4DE6CFB7C} = {827E0CD3-B72D-47B6-A68D-7590B98EB39B}
		{1F7FAA20-F809-44E0-B057-D2E4EAFF68D2} = {5D20AA90-6969-D8BD-9DCD-8634F4692FDA}
		{0C5AC48A-5760-44AC-8BAD-97226F5684FC} = {5D20AA90-6969-D8BD-9DCD-8634F4692FDA}
		{2194F01B-7DEF-4AFC-890F-5AD32EAA22C6} = {5D20AA90-6969-D8BD-9DCD-8634F4692FDA}
		{328C7A4A-27AD-4AC2-8B3B-89D535933C7F} = {5D20AA90-6969-D8BD-9DCD-8634F4692FDA}
		{CA1660AC-6E5B-4A94-9A11-0CBD40F0C30A} = {5D20AA90-6969-D8BD-9DCD-8634F4692FDA}
		{895FDA3D-F674-4106-89FF-00AD4CD3DB2D} = {5D20AA90-6969-D8BD-9DCD-8634F4692FDA}
	EndGlobalSection
EndGlobal
